
Microsoft Visual Studio Solution File, Format Version 11.00
# Visual Studio 2010
Project("{FAE04EC0-301F-11D3-BF4B-00C04F79EFBC}") = "Mono.Debugger.Soft", "Mono.Debugger.Soft\Mono.Debugger.Soft.csproj", "{372E8E3E-29D5-4B4D-88A2-4711CD628C4E}"
EndProject
Project("{FAE04EC0-301F-11D3-BF4B-00C04F79EFBC}") = "Mono.Debugging", "Mono.Debugging\Mono.Debugging.csproj", "{90C99ADB-7D4B-4EB4-98C2-40BD1B14C7D2}"
EndProject
Project("{FAE04EC0-301F-11D3-BF4B-00C04F79EFBC}") = "Mono.Debugging.Soft", "Mono.Debugging.Soft\Mono.Debugging.Soft.csproj", "{DE40756E-57F6-4AF2-B155-55E3A88CCED8}"
EndProject
Project("{2150E333-8FDC-42A3-9474-1A3956D46DE8}") = "Unit Tests", "Unit Tests", "{66CF303B-09F8-4123-B869-0608D54B1970}"
EndProject
Project("{FAE04EC0-301F-11D3-BF4B-00C04F79EFBC}") = "MonoDevelop.Debugger.Tests.AppDomainClient", "UnitTests\MonoDevelop.Debugger.Tests.AppDomainClient\MonoDevelop.Debugger.Tests.AppDomainClient.csproj", "{7A55BE57-81C9-45EC-9C7C-7F97D0508171}"
EndProject
Project("{FAE04EC0-301F-11D3-BF4B-00C04F79EFBC}") = "ICSharpCode.NRefactory", "..\nrefactory\ICSharpCode.NRefactory\ICSharpCode.NRefactory.csproj", "{3B2A5653-EC97-4001-BB9B-D90F1AF2C371}"
EndProject
Project("{FAE04EC0-301F-11D3-BF4B-00C04F79EFBC}") = "ICSharpCode.NRefactory.CSharp", "..\nrefactory\ICSharpCode.NRefactory.CSharp\ICSharpCode.NRefactory.CSharp.csproj", "{53DCA265-3C3C-42F9-B647-F72BA678122B}"
EndProject
Project("{FAE04EC0-301F-11D3-BF4B-00C04F79EFBC}") = "MonoDevelop.Debugger.Tests.NonUserCodeTestLib", "UnitTests\MonoDevelop.Debugger.Tests.NonUserCodeTestLib\MonoDevelop.Debugger.Tests.NonUserCodeTestLib.csproj", "{8AFA4FB4-BD2D-478F-942B-7AE3451535BB}"
EndProject
Project("{FAE04EC0-301F-11D3-BF4B-00C04F79EFBC}") = "MonoDevelop.Debugger.Tests.TestApp", "UnitTests\MonoDevelop.Debugger.Tests.TestApp\MonoDevelop.Debugger.Tests.TestApp.csproj", "{05EDFE55-C8D1-47E4-BB61-0BC809CD82E2}"
EndProject
Global
	GlobalSection(SolutionConfigurationPlatforms) = preSolution
		Debug|Any CPU = Debug|Any CPU
		Release|Any CPU = Release|Any CPU
	EndGlobalSection
	GlobalSection(ProjectConfigurationPlatforms) = postSolution
		{372E8E3E-29D5-4B4D-88A2-4711CD628C4E}.Debug|Any CPU.ActiveCfg = Debug|Any CPU
		{372E8E3E-29D5-4B4D-88A2-4711CD628C4E}.Debug|Any CPU.Build.0 = Debug|Any CPU
		{372E8E3E-29D5-4B4D-88A2-4711CD628C4E}.Release|Any CPU.ActiveCfg = Release|Any CPU
		{372E8E3E-29D5-4B4D-88A2-4711CD628C4E}.Release|Any CPU.Build.0 = Release|Any CPU
		{90C99ADB-7D4B-4EB4-98C2-40BD1B14C7D2}.Debug|Any CPU.ActiveCfg = Debug|Any CPU
		{90C99ADB-7D4B-4EB4-98C2-40BD1B14C7D2}.Debug|Any CPU.Build.0 = Debug|Any CPU
		{90C99ADB-7D4B-4EB4-98C2-40BD1B14C7D2}.Release|Any CPU.ActiveCfg = Release|Any CPU
		{90C99ADB-7D4B-4EB4-98C2-40BD1B14C7D2}.Release|Any CPU.Build.0 = Release|Any CPU
		{DE40756E-57F6-4AF2-B155-55E3A88CCED8}.Debug|Any CPU.ActiveCfg = Debug|Any CPU
		{DE40756E-57F6-4AF2-B155-55E3A88CCED8}.Debug|Any CPU.Build.0 = Debug|Any CPU
		{DE40756E-57F6-4AF2-B155-55E3A88CCED8}.Release|Any CPU.ActiveCfg = Release|Any CPU
		{DE40756E-57F6-4AF2-B155-55E3A88CCED8}.Release|Any CPU.Build.0 = Release|Any CPU
		{7A55BE57-81C9-45EC-9C7C-7F97D0508171}.Debug|Any CPU.ActiveCfg = Debug|Any CPU
		{7A55BE57-81C9-45EC-9C7C-7F97D0508171}.Debug|Any CPU.Build.0 = Debug|Any CPU
		{7A55BE57-81C9-45EC-9C7C-7F97D0508171}.Release|Any CPU.ActiveCfg = Release|Any CPU
		{7A55BE57-81C9-45EC-9C7C-7F97D0508171}.Release|Any CPU.Build.0 = Release|Any CPU
		{3B2A5653-EC97-4001-BB9B-D90F1AF2C371}.Debug|Any CPU.ActiveCfg = Debug|Any CPU
		{3B2A5653-EC97-4001-BB9B-D90F1AF2C371}.Debug|Any CPU.Build.0 = Debug|Any CPU
		{3B2A5653-EC97-4001-BB9B-D90F1AF2C371}.Release|Any CPU.ActiveCfg = Release|Any CPU
		{3B2A5653-EC97-4001-BB9B-D90F1AF2C371}.Release|Any CPU.Build.0 = Release|Any CPU
		{53DCA265-3C3C-42F9-B647-F72BA678122B}.Debug|Any CPU.ActiveCfg = Debug|Any CPU
		{53DCA265-3C3C-42F9-B647-F72BA678122B}.Debug|Any CPU.Build.0 = Debug|Any CPU
		{53DCA265-3C3C-42F9-B647-F72BA678122B}.Release|Any CPU.ActiveCfg = Release|Any CPU
		{53DCA265-3C3C-42F9-B647-F72BA678122B}.Release|Any CPU.Build.0 = Release|Any CPU
		{8AFA4FB4-BD2D-478F-942B-7AE3451535BB}.Debug|Any CPU.ActiveCfg = Debug|Any CPU
		{8AFA4FB4-BD2D-478F-942B-7AE3451535BB}.Debug|Any CPU.Build.0 = Debug|Any CPU
		{8AFA4FB4-BD2D-478F-942B-7AE3451535BB}.Release|Any CPU.ActiveCfg = Release|Any CPU
		{8AFA4FB4-BD2D-478F-942B-7AE3451535BB}.Release|Any CPU.Build.0 = Release|Any CPU
		{05EDFE55-C8D1-47E4-BB61-0BC809CD82E2}.Debug|Any CPU.ActiveCfg = Debug|Any CPU
		{05EDFE55-C8D1-47E4-BB61-0BC809CD82E2}.Debug|Any CPU.Build.0 = Debug|Any CPU
		{05EDFE55-C8D1-47E4-BB61-0BC809CD82E2}.Release|Any CPU.ActiveCfg = Release|Any CPU
		{05EDFE55-C8D1-47E4-BB61-0BC809CD82E2}.Release|Any CPU.Build.0 = Release|Any CPU
	EndGlobalSection
	GlobalSection(NestedProjects) = preSolution
		{7A55BE57-81C9-45EC-9C7C-7F97D0508171} = {66CF303B-09F8-4123-B869-0608D54B1970}
		{8AFA4FB4-BD2D-478F-942B-7AE3451535BB} = {66CF303B-09F8-4123-B869-0608D54B1970}
		{05EDFE55-C8D1-47E4-BB61-0BC809CD82E2} = {66CF303B-09F8-4123-B869-0608D54B1970}
	EndGlobalSection
	GlobalSection(MonoDevelopProperties) = preSolution
		StartupItem = Mono.Debugger.Soft\Mono.Debugger.Soft.csproj
	EndGlobalSection
EndGlobal
