
Microsoft Visual Studio Solution File, Format Version 11.00
# Visual Studio 2010
Project("{FAE04EC0-301F-11D3-BF4B-00C04F79EFBC}") = "Mono.Debugger.Soft", "Mono.Debugger.Soft\Mono.Debugger.Soft.csproj", "{372E8E3E-29D5-4B4D-88A2-4711CD628C4E}"
EndProject
Project("{FAE04EC0-301F-11D3-BF4B-00C04F79EFBC}") = "Mono.Cecil", "..\cecil\Mono.Cecil.csproj", "{D68133BD-1E63-496E-9EDE-4FBDBF77B486}"
EndProject
Project("{FAE04EC0-301F-11D3-BF4B-00C04F79EFBC}") = "ICSharpCode.NRefactory", "..\nrefactory\ICSharpCode.NRefactory\ICSharpCode.NRefactory.csproj", "{3B2A5653-EC97-4001-BB9B-D90F1AF2C371}"
EndProject
Project("{FAE04EC0-301F-11D3-BF4B-00C04F79EFBC}") = "ICSharpCode.NRefactory.CSharp", "..\nrefactory\ICSharpCode.NRefactory.CSharp\ICSharpCode.NRefactory.CSharp.csproj", "{53DCA265-3C3C-42F9-B647-F72BA678122B}"
EndProject
Project("{FAE04EC0-301F-11D3-BF4B-00C04F79EFBC}") = "Mono.Debugging", "Mono.Debugging\Mono.Debugging.csproj", "{90C99ADB-7D4B-4EB4-98C2-40BD1B14C7D2}"
EndProject
Project("{FAE04EC0-301F-11D3-BF4B-00C04F79EFBC}") = "Mono.Cecil.Mdb", "..\cecil\symbols\mdb\Mono.Cecil.Mdb.csproj", "{8559DD7F-A16F-46D0-A05A-9139FAEBA8FD}"
EndProject
Project("{FAE04EC0-301F-11D3-BF4B-00C04F79EFBC}") = "Mono.Debugging.Soft", "Mono.Debugging.Soft\Mono.Debugging.Soft.csproj", "{DE40756E-57F6-4AF2-B155-55E3A88CCED8}"
EndProject
Project("{2150E333-8FDC-42A3-9474-1A3956D46DE8}") = "Unit Tests", "Unit Tests", "{66CF303B-09F8-4123-B869-0608D54B1970}"
EndProject
Project("{FAE04EC0-301F-11D3-BF4B-00C04F79EFBC}") = "UnitTests", "UnitTests\UnitTests\UnitTests.csproj", "{0349A5CF-1F90-4055-A3B2-BDAA347AED71}"
EndProject
Project("{FAE04EC0-301F-11D3-BF4B-00C04F79EFBC}") = "UnitTests.TestApp", "UnitTests\UnitTests\UnitTests.TestApp\UnitTests.TestApp.csproj", "{19C3E201-4625-48B7-8E89-4ED9BA3BBD52}"
EndProject
Global
	GlobalSection(SolutionConfigurationPlatforms) = preSolution
		Debug|Any CPU = Debug|Any CPU
		Release|Any CPU = Release|Any CPU
		net_2_0_Debug|Any CPU = net_2_0_Debug|Any CPU
		net_2_0_Release|Any CPU = net_2_0_Release|Any CPU
		net_3_5_Debug|Any CPU = net_3_5_Debug|Any CPU
		net_3_5_Release|Any CPU = net_3_5_Release|Any CPU
		net_4_0_Debug|Any CPU = net_4_0_Debug|Any CPU
		net_4_0_Release|Any CPU = net_4_0_Release|Any CPU
		silverlight_Debug|Any CPU = silverlight_Debug|Any CPU
		silverlight_Release|Any CPU = silverlight_Release|Any CPU
		winphone_Debug|Any CPU = winphone_Debug|Any CPU
		winphone_Release|Any CPU = winphone_Release|Any CPU
		net_4_5_Debug|Any CPU = net_4_5_Debug|Any CPU
		net_4_5_Release|Any CPU = net_4_5_Release|Any CPU
	EndGlobalSection
	GlobalSection(ProjectConfigurationPlatforms) = postSolution
		{0349A5CF-1F90-4055-A3B2-BDAA347AED71}.Debug|Any CPU.ActiveCfg = Debug|Any CPU
		{0349A5CF-1F90-4055-A3B2-BDAA347AED71}.Debug|Any CPU.Build.0 = Debug|Any CPU
		{0349A5CF-1F90-4055-A3B2-BDAA347AED71}.net_2_0_Debug|Any CPU.ActiveCfg = Debug|Any CPU
		{0349A5CF-1F90-4055-A3B2-BDAA347AED71}.net_2_0_Debug|Any CPU.Build.0 = Debug|Any CPU
		{0349A5CF-1F90-4055-A3B2-BDAA347AED71}.net_2_0_Release|Any CPU.ActiveCfg = Debug|Any CPU
		{0349A5CF-1F90-4055-A3B2-BDAA347AED71}.net_2_0_Release|Any CPU.Build.0 = Debug|Any CPU
		{0349A5CF-1F90-4055-A3B2-BDAA347AED71}.net_3_5_Debug|Any CPU.ActiveCfg = Debug|Any CPU
		{0349A5CF-1F90-4055-A3B2-BDAA347AED71}.net_3_5_Debug|Any CPU.Build.0 = Debug|Any CPU
		{0349A5CF-1F90-4055-A3B2-BDAA347AED71}.net_3_5_Release|Any CPU.ActiveCfg = Debug|Any CPU
		{0349A5CF-1F90-4055-A3B2-BDAA347AED71}.net_3_5_Release|Any CPU.Build.0 = Debug|Any CPU
		{0349A5CF-1F90-4055-A3B2-BDAA347AED71}.net_4_0_Debug|Any CPU.ActiveCfg = Debug|Any CPU
		{0349A5CF-1F90-4055-A3B2-BDAA347AED71}.net_4_0_Debug|Any CPU.Build.0 = Debug|Any CPU
		{0349A5CF-1F90-4055-A3B2-BDAA347AED71}.net_4_0_Release|Any CPU.ActiveCfg = Debug|Any CPU
		{0349A5CF-1F90-4055-A3B2-BDAA347AED71}.net_4_0_Release|Any CPU.Build.0 = Debug|Any CPU
		{0349A5CF-1F90-4055-A3B2-BDAA347AED71}.net_4_5_Debug|Any CPU.ActiveCfg = Debug|Any CPU
		{0349A5CF-1F90-4055-A3B2-BDAA347AED71}.net_4_5_Debug|Any CPU.Build.0 = Debug|Any CPU
		{0349A5CF-1F90-4055-A3B2-BDAA347AED71}.net_4_5_Release|Any CPU.ActiveCfg = Debug|Any CPU
		{0349A5CF-1F90-4055-A3B2-BDAA347AED71}.net_4_5_Release|Any CPU.Build.0 = Debug|Any CPU
		{0349A5CF-1F90-4055-A3B2-BDAA347AED71}.Release|Any CPU.ActiveCfg = Release|Any CPU
		{0349A5CF-1F90-4055-A3B2-BDAA347AED71}.Release|Any CPU.Build.0 = Release|Any CPU
		{0349A5CF-1F90-4055-A3B2-BDAA347AED71}.silverlight_Debug|Any CPU.ActiveCfg = Debug|Any CPU
		{0349A5CF-1F90-4055-A3B2-BDAA347AED71}.silverlight_Debug|Any CPU.Build.0 = Debug|Any CPU
		{0349A5CF-1F90-4055-A3B2-BDAA347AED71}.silverlight_Release|Any CPU.ActiveCfg = Debug|Any CPU
		{0349A5CF-1F90-4055-A3B2-BDAA347AED71}.silverlight_Release|Any CPU.Build.0 = Debug|Any CPU
		{0349A5CF-1F90-4055-A3B2-BDAA347AED71}.winphone_Debug|Any CPU.ActiveCfg = Debug|Any CPU
		{0349A5CF-1F90-4055-A3B2-BDAA347AED71}.winphone_Debug|Any CPU.Build.0 = Debug|Any CPU
		{0349A5CF-1F90-4055-A3B2-BDAA347AED71}.winphone_Release|Any CPU.ActiveCfg = Debug|Any CPU
		{0349A5CF-1F90-4055-A3B2-BDAA347AED71}.winphone_Release|Any CPU.Build.0 = Debug|Any CPU
		{19C3E201-4625-48B7-8E89-4ED9BA3BBD52}.Debug|Any CPU.ActiveCfg = Debug|Any CPU
		{19C3E201-4625-48B7-8E89-4ED9BA3BBD52}.Debug|Any CPU.Build.0 = Debug|Any CPU
		{19C3E201-4625-48B7-8E89-4ED9BA3BBD52}.net_2_0_Debug|Any CPU.ActiveCfg = Debug|Any CPU
		{19C3E201-4625-48B7-8E89-4ED9BA3BBD52}.net_2_0_Debug|Any CPU.Build.0 = Debug|Any CPU
		{19C3E201-4625-48B7-8E89-4ED9BA3BBD52}.net_2_0_Release|Any CPU.ActiveCfg = Debug|Any CPU
		{19C3E201-4625-48B7-8E89-4ED9BA3BBD52}.net_2_0_Release|Any CPU.Build.0 = Debug|Any CPU
		{19C3E201-4625-48B7-8E89-4ED9BA3BBD52}.net_3_5_Debug|Any CPU.ActiveCfg = Debug|Any CPU
		{19C3E201-4625-48B7-8E89-4ED9BA3BBD52}.net_3_5_Debug|Any CPU.Build.0 = Debug|Any CPU
		{19C3E201-4625-48B7-8E89-4ED9BA3BBD52}.net_3_5_Release|Any CPU.ActiveCfg = Debug|Any CPU
		{19C3E201-4625-48B7-8E89-4ED9BA3BBD52}.net_3_5_Release|Any CPU.Build.0 = Debug|Any CPU
		{19C3E201-4625-48B7-8E89-4ED9BA3BBD52}.net_4_0_Debug|Any CPU.ActiveCfg = Debug|Any CPU
		{19C3E201-4625-48B7-8E89-4ED9BA3BBD52}.net_4_0_Debug|Any CPU.Build.0 = Debug|Any CPU
		{19C3E201-4625-48B7-8E89-4ED9BA3BBD52}.net_4_0_Release|Any CPU.ActiveCfg = Debug|Any CPU
		{19C3E201-4625-48B7-8E89-4ED9BA3BBD52}.net_4_0_Release|Any CPU.Build.0 = Debug|Any CPU
		{19C3E201-4625-48B7-8E89-4ED9BA3BBD52}.net_4_5_Debug|Any CPU.ActiveCfg = Debug|Any CPU
		{19C3E201-4625-48B7-8E89-4ED9BA3BBD52}.net_4_5_Debug|Any CPU.Build.0 = Debug|Any CPU
		{19C3E201-4625-48B7-8E89-4ED9BA3BBD52}.net_4_5_Release|Any CPU.ActiveCfg = Debug|Any CPU
		{19C3E201-4625-48B7-8E89-4ED9BA3BBD52}.net_4_5_Release|Any CPU.Build.0 = Debug|Any CPU
		{19C3E201-4625-48B7-8E89-4ED9BA3BBD52}.Release|Any CPU.ActiveCfg = Release|Any CPU
		{19C3E201-4625-48B7-8E89-4ED9BA3BBD52}.Release|Any CPU.Build.0 = Release|Any CPU
		{19C3E201-4625-48B7-8E89-4ED9BA3BBD52}.silverlight_Debug|Any CPU.ActiveCfg = Debug|Any CPU
		{19C3E201-4625-48B7-8E89-4ED9BA3BBD52}.silverlight_Debug|Any CPU.Build.0 = Debug|Any CPU
		{19C3E201-4625-48B7-8E89-4ED9BA3BBD52}.silverlight_Release|Any CPU.ActiveCfg = Debug|Any CPU
		{19C3E201-4625-48B7-8E89-4ED9BA3BBD52}.silverlight_Release|Any CPU.Build.0 = Debug|Any CPU
		{19C3E201-4625-48B7-8E89-4ED9BA3BBD52}.winphone_Debug|Any CPU.ActiveCfg = Debug|Any CPU
		{19C3E201-4625-48B7-8E89-4ED9BA3BBD52}.winphone_Debug|Any CPU.Build.0 = Debug|Any CPU
		{19C3E201-4625-48B7-8E89-4ED9BA3BBD52}.winphone_Release|Any CPU.ActiveCfg = Debug|Any CPU
		{19C3E201-4625-48B7-8E89-4ED9BA3BBD52}.winphone_Release|Any CPU.Build.0 = Debug|Any CPU
		{372E8E3E-29D5-4B4D-88A2-4711CD628C4E}.Debug|Any CPU.ActiveCfg = Debug|Any CPU
		{372E8E3E-29D5-4B4D-88A2-4711CD628C4E}.Debug|Any CPU.Build.0 = Debug|Any CPU
		{372E8E3E-29D5-4B4D-88A2-4711CD628C4E}.net_2_0_Debug|Any CPU.ActiveCfg = Debug|Any CPU
		{372E8E3E-29D5-4B4D-88A2-4711CD628C4E}.net_2_0_Debug|Any CPU.Build.0 = Debug|Any CPU
		{372E8E3E-29D5-4B4D-88A2-4711CD628C4E}.net_2_0_Release|Any CPU.ActiveCfg = Debug|Any CPU
		{372E8E3E-29D5-4B4D-88A2-4711CD628C4E}.net_2_0_Release|Any CPU.Build.0 = Debug|Any CPU
		{372E8E3E-29D5-4B4D-88A2-4711CD628C4E}.net_3_5_Debug|Any CPU.ActiveCfg = Debug|Any CPU
		{372E8E3E-29D5-4B4D-88A2-4711CD628C4E}.net_3_5_Debug|Any CPU.Build.0 = Debug|Any CPU
		{372E8E3E-29D5-4B4D-88A2-4711CD628C4E}.net_3_5_Release|Any CPU.ActiveCfg = Debug|Any CPU
		{372E8E3E-29D5-4B4D-88A2-4711CD628C4E}.net_3_5_Release|Any CPU.Build.0 = Debug|Any CPU
		{372E8E3E-29D5-4B4D-88A2-4711CD628C4E}.net_4_0_Debug|Any CPU.ActiveCfg = Debug|Any CPU
		{372E8E3E-29D5-4B4D-88A2-4711CD628C4E}.net_4_0_Debug|Any CPU.Build.0 = Debug|Any CPU
		{372E8E3E-29D5-4B4D-88A2-4711CD628C4E}.net_4_0_Release|Any CPU.ActiveCfg = Debug|Any CPU
		{372E8E3E-29D5-4B4D-88A2-4711CD628C4E}.net_4_0_Release|Any CPU.Build.0 = Debug|Any CPU
		{372E8E3E-29D5-4B4D-88A2-4711CD628C4E}.net_4_5_Debug|Any CPU.ActiveCfg = Debug|Any CPU
		{372E8E3E-29D5-4B4D-88A2-4711CD628C4E}.net_4_5_Debug|Any CPU.Build.0 = Debug|Any CPU
		{372E8E3E-29D5-4B4D-88A2-4711CD628C4E}.net_4_5_Release|Any CPU.ActiveCfg = Debug|Any CPU
		{372E8E3E-29D5-4B4D-88A2-4711CD628C4E}.net_4_5_Release|Any CPU.Build.0 = Debug|Any CPU
		{372E8E3E-29D5-4B4D-88A2-4711CD628C4E}.Release|Any CPU.ActiveCfg = Release|Any CPU
		{372E8E3E-29D5-4B4D-88A2-4711CD628C4E}.Release|Any CPU.Build.0 = Release|Any CPU
		{372E8E3E-29D5-4B4D-88A2-4711CD628C4E}.silverlight_Debug|Any CPU.ActiveCfg = Debug|Any CPU
		{372E8E3E-29D5-4B4D-88A2-4711CD628C4E}.silverlight_Debug|Any CPU.Build.0 = Debug|Any CPU
		{372E8E3E-29D5-4B4D-88A2-4711CD628C4E}.silverlight_Release|Any CPU.ActiveCfg = Debug|Any CPU
		{372E8E3E-29D5-4B4D-88A2-4711CD628C4E}.silverlight_Release|Any CPU.Build.0 = Debug|Any CPU
		{372E8E3E-29D5-4B4D-88A2-4711CD628C4E}.winphone_Debug|Any CPU.ActiveCfg = Debug|Any CPU
		{372E8E3E-29D5-4B4D-88A2-4711CD628C4E}.winphone_Debug|Any CPU.Build.0 = Debug|Any CPU
		{372E8E3E-29D5-4B4D-88A2-4711CD628C4E}.winphone_Release|Any CPU.ActiveCfg = Debug|Any CPU
		{372E8E3E-29D5-4B4D-88A2-4711CD628C4E}.winphone_Release|Any CPU.Build.0 = Debug|Any CPU
		{3B2A5653-EC97-4001-BB9B-D90F1AF2C371}.Debug|Any CPU.ActiveCfg = Debug|Any CPU
		{3B2A5653-EC97-4001-BB9B-D90F1AF2C371}.Debug|Any CPU.Build.0 = Debug|Any CPU
		{3B2A5653-EC97-4001-BB9B-D90F1AF2C371}.net_2_0_Debug|Any CPU.ActiveCfg = Debug|Any CPU
		{3B2A5653-EC97-4001-BB9B-D90F1AF2C371}.net_2_0_Debug|Any CPU.Build.0 = Debug|Any CPU
		{3B2A5653-EC97-4001-BB9B-D90F1AF2C371}.net_2_0_Release|Any CPU.ActiveCfg = Debug|Any CPU
		{3B2A5653-EC97-4001-BB9B-D90F1AF2C371}.net_2_0_Release|Any CPU.Build.0 = Debug|Any CPU
		{3B2A5653-EC97-4001-BB9B-D90F1AF2C371}.net_3_5_Debug|Any CPU.ActiveCfg = Debug|Any CPU
		{3B2A5653-EC97-4001-BB9B-D90F1AF2C371}.net_3_5_Debug|Any CPU.Build.0 = Debug|Any CPU
		{3B2A5653-EC97-4001-BB9B-D90F1AF2C371}.net_3_5_Release|Any CPU.ActiveCfg = Debug|Any CPU
		{3B2A5653-EC97-4001-BB9B-D90F1AF2C371}.net_3_5_Release|Any CPU.Build.0 = Debug|Any CPU
		{3B2A5653-EC97-4001-BB9B-D90F1AF2C371}.net_4_0_Debug|Any CPU.ActiveCfg = Debug|Any CPU
		{3B2A5653-EC97-4001-BB9B-D90F1AF2C371}.net_4_0_Debug|Any CPU.Build.0 = Debug|Any CPU
		{3B2A5653-EC97-4001-BB9B-D90F1AF2C371}.net_4_0_Release|Any CPU.ActiveCfg = Debug|Any CPU
		{3B2A5653-EC97-4001-BB9B-D90F1AF2C371}.net_4_0_Release|Any CPU.Build.0 = Debug|Any CPU
		{3B2A5653-EC97-4001-BB9B-D90F1AF2C371}.net_4_5_Debug|Any CPU.ActiveCfg = net_4_5_Debug|Any CPU
		{3B2A5653-EC97-4001-BB9B-D90F1AF2C371}.net_4_5_Debug|Any CPU.Build.0 = net_4_5_Debug|Any CPU
		{3B2A5653-EC97-4001-BB9B-D90F1AF2C371}.net_4_5_Release|Any CPU.ActiveCfg = net_4_5_Release|Any CPU
		{3B2A5653-EC97-4001-BB9B-D90F1AF2C371}.net_4_5_Release|Any CPU.Build.0 = net_4_5_Release|Any CPU
		{3B2A5653-EC97-4001-BB9B-D90F1AF2C371}.Release|Any CPU.ActiveCfg = Release|Any CPU
		{3B2A5653-EC97-4001-BB9B-D90F1AF2C371}.Release|Any CPU.Build.0 = Release|Any CPU
		{3B2A5653-EC97-4001-BB9B-D90F1AF2C371}.silverlight_Debug|Any CPU.ActiveCfg = Debug|Any CPU
		{3B2A5653-EC97-4001-BB9B-D90F1AF2C371}.silverlight_Debug|Any CPU.Build.0 = Debug|Any CPU
		{3B2A5653-EC97-4001-BB9B-D90F1AF2C371}.silverlight_Release|Any CPU.ActiveCfg = Debug|Any CPU
		{3B2A5653-EC97-4001-BB9B-D90F1AF2C371}.silverlight_Release|Any CPU.Build.0 = Debug|Any CPU
		{3B2A5653-EC97-4001-BB9B-D90F1AF2C371}.winphone_Debug|Any CPU.ActiveCfg = Debug|Any CPU
		{3B2A5653-EC97-4001-BB9B-D90F1AF2C371}.winphone_Debug|Any CPU.Build.0 = Debug|Any CPU
		{3B2A5653-EC97-4001-BB9B-D90F1AF2C371}.winphone_Release|Any CPU.ActiveCfg = Debug|Any CPU
		{3B2A5653-EC97-4001-BB9B-D90F1AF2C371}.winphone_Release|Any CPU.Build.0 = Debug|Any CPU
		{53DCA265-3C3C-42F9-B647-F72BA678122B}.Debug|Any CPU.ActiveCfg = Debug|Any CPU
		{53DCA265-3C3C-42F9-B647-F72BA678122B}.Debug|Any CPU.Build.0 = Debug|Any CPU
		{53DCA265-3C3C-42F9-B647-F72BA678122B}.net_2_0_Debug|Any CPU.ActiveCfg = Debug|Any CPU
		{53DCA265-3C3C-42F9-B647-F72BA678122B}.net_2_0_Debug|Any CPU.Build.0 = Debug|Any CPU
		{53DCA265-3C3C-42F9-B647-F72BA678122B}.net_2_0_Release|Any CPU.ActiveCfg = Debug|Any CPU
		{53DCA265-3C3C-42F9-B647-F72BA678122B}.net_2_0_Release|Any CPU.Build.0 = Debug|Any CPU
		{53DCA265-3C3C-42F9-B647-F72BA678122B}.net_3_5_Debug|Any CPU.ActiveCfg = Debug|Any CPU
		{53DCA265-3C3C-42F9-B647-F72BA678122B}.net_3_5_Debug|Any CPU.Build.0 = Debug|Any CPU
		{53DCA265-3C3C-42F9-B647-F72BA678122B}.net_3_5_Release|Any CPU.ActiveCfg = Debug|Any CPU
		{53DCA265-3C3C-42F9-B647-F72BA678122B}.net_3_5_Release|Any CPU.Build.0 = Debug|Any CPU
		{53DCA265-3C3C-42F9-B647-F72BA678122B}.net_4_0_Debug|Any CPU.ActiveCfg = Debug|Any CPU
		{53DCA265-3C3C-42F9-B647-F72BA678122B}.net_4_0_Debug|Any CPU.Build.0 = Debug|Any CPU
		{53DCA265-3C3C-42F9-B647-F72BA678122B}.net_4_0_Release|Any CPU.ActiveCfg = Debug|Any CPU
		{53DCA265-3C3C-42F9-B647-F72BA678122B}.net_4_0_Release|Any CPU.Build.0 = Debug|Any CPU
		{53DCA265-3C3C-42F9-B647-F72BA678122B}.net_4_5_Debug|Any CPU.ActiveCfg = net_4_5_Debug|Any CPU
		{53DCA265-3C3C-42F9-B647-F72BA678122B}.net_4_5_Debug|Any CPU.Build.0 = net_4_5_Debug|Any CPU
		{53DCA265-3C3C-42F9-B647-F72BA678122B}.net_4_5_Release|Any CPU.ActiveCfg = net_4_5_Release|Any CPU
		{53DCA265-3C3C-42F9-B647-F72BA678122B}.net_4_5_Release|Any CPU.Build.0 = net_4_5_Release|Any CPU
		{53DCA265-3C3C-42F9-B647-F72BA678122B}.Release|Any CPU.ActiveCfg = Release|Any CPU
		{53DCA265-3C3C-42F9-B647-F72BA678122B}.Release|Any CPU.Build.0 = Release|Any CPU
		{53DCA265-3C3C-42F9-B647-F72BA678122B}.silverlight_Debug|Any CPU.ActiveCfg = Debug|Any CPU
		{53DCA265-3C3C-42F9-B647-F72BA678122B}.silverlight_Debug|Any CPU.Build.0 = Debug|Any CPU
		{53DCA265-3C3C-42F9-B647-F72BA678122B}.silverlight_Release|Any CPU.ActiveCfg = Debug|Any CPU
		{53DCA265-3C3C-42F9-B647-F72BA678122B}.silverlight_Release|Any CPU.Build.0 = Debug|Any CPU
		{53DCA265-3C3C-42F9-B647-F72BA678122B}.winphone_Debug|Any CPU.ActiveCfg = Debug|Any CPU
		{53DCA265-3C3C-42F9-B647-F72BA678122B}.winphone_Debug|Any CPU.Build.0 = Debug|Any CPU
		{53DCA265-3C3C-42F9-B647-F72BA678122B}.winphone_Release|Any CPU.ActiveCfg = Debug|Any CPU
		{53DCA265-3C3C-42F9-B647-F72BA678122B}.winphone_Release|Any CPU.Build.0 = Debug|Any CPU
		{8559DD7F-A16F-46D0-A05A-9139FAEBA8FD}.Debug|Any CPU.ActiveCfg = net_2_0_Release|Any CPU
		{8559DD7F-A16F-46D0-A05A-9139FAEBA8FD}.Debug|Any CPU.Build.0 = net_2_0_Release|Any CPU
		{8559DD7F-A16F-46D0-A05A-9139FAEBA8FD}.net_2_0_Debug|Any CPU.ActiveCfg = net_2_0_Debug|Any CPU
		{8559DD7F-A16F-46D0-A05A-9139FAEBA8FD}.net_2_0_Debug|Any CPU.Build.0 = net_2_0_Debug|Any CPU
		{8559DD7F-A16F-46D0-A05A-9139FAEBA8FD}.net_2_0_Release|Any CPU.ActiveCfg = net_2_0_Release|Any CPU
		{8559DD7F-A16F-46D0-A05A-9139FAEBA8FD}.net_2_0_Release|Any CPU.Build.0 = net_2_0_Release|Any CPU
		{8559DD7F-A16F-46D0-A05A-9139FAEBA8FD}.net_3_5_Debug|Any CPU.ActiveCfg = net_3_5_Debug|Any CPU
		{8559DD7F-A16F-46D0-A05A-9139FAEBA8FD}.net_3_5_Debug|Any CPU.Build.0 = net_3_5_Debug|Any CPU
		{8559DD7F-A16F-46D0-A05A-9139FAEBA8FD}.net_3_5_Release|Any CPU.ActiveCfg = net_3_5_Release|Any CPU
		{8559DD7F-A16F-46D0-A05A-9139FAEBA8FD}.net_3_5_Release|Any CPU.Build.0 = net_3_5_Release|Any CPU
		{8559DD7F-A16F-46D0-A05A-9139FAEBA8FD}.net_4_0_Debug|Any CPU.ActiveCfg = net_4_0_Debug|Any CPU
		{8559DD7F-A16F-46D0-A05A-9139FAEBA8FD}.net_4_0_Debug|Any CPU.Build.0 = net_4_0_Debug|Any CPU
		{8559DD7F-A16F-46D0-A05A-9139FAEBA8FD}.net_4_0_Release|Any CPU.ActiveCfg = net_4_0_Release|Any CPU
		{8559DD7F-A16F-46D0-A05A-9139FAEBA8FD}.net_4_0_Release|Any CPU.Build.0 = net_4_0_Release|Any CPU
		{8559DD7F-A16F-46D0-A05A-9139FAEBA8FD}.net_4_5_Debug|Any CPU.ActiveCfg = net_2_0_Release|Any CPU
		{8559DD7F-A16F-46D0-A05A-9139FAEBA8FD}.net_4_5_Debug|Any CPU.Build.0 = net_2_0_Release|Any CPU
		{8559DD7F-A16F-46D0-A05A-9139FAEBA8FD}.net_4_5_Release|Any CPU.ActiveCfg = net_2_0_Release|Any CPU
		{8559DD7F-A16F-46D0-A05A-9139FAEBA8FD}.net_4_5_Release|Any CPU.Build.0 = net_2_0_Release|Any CPU
		{8559DD7F-A16F-46D0-A05A-9139FAEBA8FD}.Release|Any CPU.ActiveCfg = net_2_0_Release|Any CPU
		{8559DD7F-A16F-46D0-A05A-9139FAEBA8FD}.Release|Any CPU.Build.0 = net_2_0_Release|Any CPU
		{8559DD7F-A16F-46D0-A05A-9139FAEBA8FD}.silverlight_Debug|Any CPU.ActiveCfg = net_2_0_Release|Any CPU
		{8559DD7F-A16F-46D0-A05A-9139FAEBA8FD}.silverlight_Debug|Any CPU.Build.0 = net_2_0_Release|Any CPU
		{8559DD7F-A16F-46D0-A05A-9139FAEBA8FD}.silverlight_Release|Any CPU.ActiveCfg = net_2_0_Release|Any CPU
		{8559DD7F-A16F-46D0-A05A-9139FAEBA8FD}.silverlight_Release|Any CPU.Build.0 = net_2_0_Release|Any CPU
		{8559DD7F-A16F-46D0-A05A-9139FAEBA8FD}.winphone_Debug|Any CPU.ActiveCfg = net_2_0_Release|Any CPU
		{8559DD7F-A16F-46D0-A05A-9139FAEBA8FD}.winphone_Debug|Any CPU.Build.0 = net_2_0_Release|Any CPU
		{8559DD7F-A16F-46D0-A05A-9139FAEBA8FD}.winphone_Release|Any CPU.ActiveCfg = net_2_0_Release|Any CPU
		{8559DD7F-A16F-46D0-A05A-9139FAEBA8FD}.winphone_Release|Any CPU.Build.0 = net_2_0_Release|Any CPU
		{90C99ADB-7D4B-4EB4-98C2-40BD1B14C7D2}.Debug|Any CPU.ActiveCfg = Debug|Any CPU
		{90C99ADB-7D4B-4EB4-98C2-40BD1B14C7D2}.Debug|Any CPU.Build.0 = Debug|Any CPU
		{90C99ADB-7D4B-4EB4-98C2-40BD1B14C7D2}.net_2_0_Debug|Any CPU.ActiveCfg = Debug|Any CPU
		{90C99ADB-7D4B-4EB4-98C2-40BD1B14C7D2}.net_2_0_Debug|Any CPU.Build.0 = Debug|Any CPU
		{90C99ADB-7D4B-4EB4-98C2-40BD1B14C7D2}.net_2_0_Release|Any CPU.ActiveCfg = Debug|Any CPU
		{90C99ADB-7D4B-4EB4-98C2-40BD1B14C7D2}.net_2_0_Release|Any CPU.Build.0 = Debug|Any CPU
		{90C99ADB-7D4B-4EB4-98C2-40BD1B14C7D2}.net_3_5_Debug|Any CPU.ActiveCfg = Debug|Any CPU
		{90C99ADB-7D4B-4EB4-98C2-40BD1B14C7D2}.net_3_5_Debug|Any CPU.Build.0 = Debug|Any CPU
		{90C99ADB-7D4B-4EB4-98C2-40BD1B14C7D2}.net_3_5_Release|Any CPU.ActiveCfg = Debug|Any CPU
		{90C99ADB-7D4B-4EB4-98C2-40BD1B14C7D2}.net_3_5_Release|Any CPU.Build.0 = Debug|Any CPU
		{90C99ADB-7D4B-4EB4-98C2-40BD1B14C7D2}.net_4_0_Debug|Any CPU.ActiveCfg = Debug|Any CPU
		{90C99ADB-7D4B-4EB4-98C2-40BD1B14C7D2}.net_4_0_Debug|Any CPU.Build.0 = Debug|Any CPU
		{90C99ADB-7D4B-4EB4-98C2-40BD1B14C7D2}.net_4_0_Release|Any CPU.ActiveCfg = Debug|Any CPU
		{90C99ADB-7D4B-4EB4-98C2-40BD1B14C7D2}.net_4_0_Release|Any CPU.Build.0 = Debug|Any CPU
		{90C99ADB-7D4B-4EB4-98C2-40BD1B14C7D2}.net_4_5_Debug|Any CPU.ActiveCfg = Debug|Any CPU
		{90C99ADB-7D4B-4EB4-98C2-40BD1B14C7D2}.net_4_5_Debug|Any CPU.Build.0 = Debug|Any CPU
		{90C99ADB-7D4B-4EB4-98C2-40BD1B14C7D2}.net_4_5_Release|Any CPU.ActiveCfg = Debug|Any CPU
		{90C99ADB-7D4B-4EB4-98C2-40BD1B14C7D2}.net_4_5_Release|Any CPU.Build.0 = Debug|Any CPU
		{90C99ADB-7D4B-4EB4-98C2-40BD1B14C7D2}.Release|Any CPU.ActiveCfg = Release|Any CPU
		{90C99ADB-7D4B-4EB4-98C2-40BD1B14C7D2}.Release|Any CPU.Build.0 = Release|Any CPU
		{90C99ADB-7D4B-4EB4-98C2-40BD1B14C7D2}.silverlight_Debug|Any CPU.ActiveCfg = Debug|Any CPU
		{90C99ADB-7D4B-4EB4-98C2-40BD1B14C7D2}.silverlight_Debug|Any CPU.Build.0 = Debug|Any CPU
		{90C99ADB-7D4B-4EB4-98C2-40BD1B14C7D2}.silverlight_Release|Any CPU.ActiveCfg = Debug|Any CPU
		{90C99ADB-7D4B-4EB4-98C2-40BD1B14C7D2}.silverlight_Release|Any CPU.Build.0 = Debug|Any CPU
		{90C99ADB-7D4B-4EB4-98C2-40BD1B14C7D2}.winphone_Debug|Any CPU.ActiveCfg = Debug|Any CPU
		{90C99ADB-7D4B-4EB4-98C2-40BD1B14C7D2}.winphone_Debug|Any CPU.Build.0 = Debug|Any CPU
		{90C99ADB-7D4B-4EB4-98C2-40BD1B14C7D2}.winphone_Release|Any CPU.ActiveCfg = Debug|Any CPU
		{90C99ADB-7D4B-4EB4-98C2-40BD1B14C7D2}.winphone_Release|Any CPU.Build.0 = Debug|Any CPU
		{D68133BD-1E63-496E-9EDE-4FBDBF77B486}.Debug|Any CPU.ActiveCfg = net_2_0_Release|Any CPU
		{D68133BD-1E63-496E-9EDE-4FBDBF77B486}.Debug|Any CPU.Build.0 = net_2_0_Release|Any CPU
		{D68133BD-1E63-496E-9EDE-4FBDBF77B486}.net_2_0_Debug|Any CPU.ActiveCfg = net_2_0_Debug|Any CPU
		{D68133BD-1E63-496E-9EDE-4FBDBF77B486}.net_2_0_Debug|Any CPU.Build.0 = net_2_0_Debug|Any CPU
		{D68133BD-1E63-496E-9EDE-4FBDBF77B486}.net_2_0_Release|Any CPU.ActiveCfg = net_2_0_Release|Any CPU
		{D68133BD-1E63-496E-9EDE-4FBDBF77B486}.net_2_0_Release|Any CPU.Build.0 = net_2_0_Release|Any CPU
		{D68133BD-1E63-496E-9EDE-4FBDBF77B486}.net_3_5_Debug|Any CPU.ActiveCfg = net_3_5_Debug|Any CPU
		{D68133BD-1E63-496E-9EDE-4FBDBF77B486}.net_3_5_Debug|Any CPU.Build.0 = net_3_5_Debug|Any CPU
		{D68133BD-1E63-496E-9EDE-4FBDBF77B486}.net_3_5_Release|Any CPU.ActiveCfg = net_3_5_Release|Any CPU
		{D68133BD-1E63-496E-9EDE-4FBDBF77B486}.net_3_5_Release|Any CPU.Build.0 = net_3_5_Release|Any CPU
		{D68133BD-1E63-496E-9EDE-4FBDBF77B486}.net_4_0_Debug|Any CPU.ActiveCfg = net_4_0_Debug|Any CPU
		{D68133BD-1E63-496E-9EDE-4FBDBF77B486}.net_4_0_Debug|Any CPU.Build.0 = net_4_0_Debug|Any CPU
		{D68133BD-1E63-496E-9EDE-4FBDBF77B486}.net_4_0_Release|Any CPU.ActiveCfg = net_4_0_Release|Any CPU
		{D68133BD-1E63-496E-9EDE-4FBDBF77B486}.net_4_0_Release|Any CPU.Build.0 = net_4_0_Release|Any CPU
		{D68133BD-1E63-496E-9EDE-4FBDBF77B486}.net_4_5_Debug|Any CPU.ActiveCfg = net_2_0_Debug|Any CPU
		{D68133BD-1E63-496E-9EDE-4FBDBF77B486}.net_4_5_Debug|Any CPU.Build.0 = net_2_0_Debug|Any CPU
		{D68133BD-1E63-496E-9EDE-4FBDBF77B486}.net_4_5_Release|Any CPU.ActiveCfg = net_2_0_Debug|Any CPU
		{D68133BD-1E63-496E-9EDE-4FBDBF77B486}.net_4_5_Release|Any CPU.Build.0 = net_2_0_Debug|Any CPU
		{D68133BD-1E63-496E-9EDE-4FBDBF77B486}.Release|Any CPU.ActiveCfg = net_2_0_Release|Any CPU
		{D68133BD-1E63-496E-9EDE-4FBDBF77B486}.Release|Any CPU.Build.0 = net_2_0_Release|Any CPU
		{D68133BD-1E63-496E-9EDE-4FBDBF77B486}.silverlight_Debug|Any CPU.ActiveCfg = silverlight_Debug|Any CPU
		{D68133BD-1E63-496E-9EDE-4FBDBF77B486}.silverlight_Debug|Any CPU.Build.0 = silverlight_Debug|Any CPU
		{D68133BD-1E63-496E-9EDE-4FBDBF77B486}.silverlight_Release|Any CPU.ActiveCfg = silverlight_Release|Any CPU
		{D68133BD-1E63-496E-9EDE-4FBDBF77B486}.silverlight_Release|Any CPU.Build.0 = silverlight_Release|Any CPU
		{D68133BD-1E63-496E-9EDE-4FBDBF77B486}.winphone_Debug|Any CPU.ActiveCfg = winphone_Debug|Any CPU
		{D68133BD-1E63-496E-9EDE-4FBDBF77B486}.winphone_Debug|Any CPU.Build.0 = winphone_Debug|Any CPU
		{D68133BD-1E63-496E-9EDE-4FBDBF77B486}.winphone_Release|Any CPU.ActiveCfg = winphone_Release|Any CPU
		{D68133BD-1E63-496E-9EDE-4FBDBF77B486}.winphone_Release|Any CPU.Build.0 = winphone_Release|Any CPU
		{DE40756E-57F6-4AF2-B155-55E3A88CCED8}.Debug|Any CPU.ActiveCfg = Debug|Any CPU
		{DE40756E-57F6-4AF2-B155-55E3A88CCED8}.Debug|Any CPU.Build.0 = Debug|Any CPU
		{DE40756E-57F6-4AF2-B155-55E3A88CCED8}.net_2_0_Debug|Any CPU.ActiveCfg = Debug|Any CPU
		{DE40756E-57F6-4AF2-B155-55E3A88CCED8}.net_2_0_Debug|Any CPU.Build.0 = Debug|Any CPU
		{DE40756E-57F6-4AF2-B155-55E3A88CCED8}.net_2_0_Release|Any CPU.ActiveCfg = Debug|Any CPU
		{DE40756E-57F6-4AF2-B155-55E3A88CCED8}.net_2_0_Release|Any CPU.Build.0 = Debug|Any CPU
		{DE40756E-57F6-4AF2-B155-55E3A88CCED8}.net_3_5_Debug|Any CPU.ActiveCfg = Debug|Any CPU
		{DE40756E-57F6-4AF2-B155-55E3A88CCED8}.net_3_5_Debug|Any CPU.Build.0 = Debug|Any CPU
		{DE40756E-57F6-4AF2-B155-55E3A88CCED8}.net_3_5_Release|Any CPU.ActiveCfg = Debug|Any CPU
		{DE40756E-57F6-4AF2-B155-55E3A88CCED8}.net_3_5_Release|Any CPU.Build.0 = Debug|Any CPU
		{DE40756E-57F6-4AF2-B155-55E3A88CCED8}.net_4_0_Debug|Any CPU.ActiveCfg = Debug|Any CPU
		{DE40756E-57F6-4AF2-B155-55E3A88CCED8}.net_4_0_Debug|Any CPU.Build.0 = Debug|Any CPU
		{DE40756E-57F6-4AF2-B155-55E3A88CCED8}.net_4_0_Release|Any CPU.ActiveCfg = Debug|Any CPU
		{DE40756E-57F6-4AF2-B155-55E3A88CCED8}.net_4_0_Release|Any CPU.Build.0 = Debug|Any CPU
		{DE40756E-57F6-4AF2-B155-55E3A88CCED8}.net_4_5_Debug|Any CPU.ActiveCfg = Debug|Any CPU
		{DE40756E-57F6-4AF2-B155-55E3A88CCED8}.net_4_5_Debug|Any CPU.Build.0 = Debug|Any CPU
		{DE40756E-57F6-4AF2-B155-55E3A88CCED8}.net_4_5_Release|Any CPU.ActiveCfg = Debug|Any CPU
		{DE40756E-57F6-4AF2-B155-55E3A88CCED8}.net_4_5_Release|Any CPU.Build.0 = Debug|Any CPU
		{DE40756E-57F6-4AF2-B155-55E3A88CCED8}.Release|Any CPU.ActiveCfg = Release|Any CPU
		{DE40756E-57F6-4AF2-B155-55E3A88CCED8}.Release|Any CPU.Build.0 = Release|Any CPU
		{DE40756E-57F6-4AF2-B155-55E3A88CCED8}.silverlight_Debug|Any CPU.ActiveCfg = Debug|Any CPU
		{DE40756E-57F6-4AF2-B155-55E3A88CCED8}.silverlight_Debug|Any CPU.Build.0 = Debug|Any CPU
		{DE40756E-57F6-4AF2-B155-55E3A88CCED8}.silverlight_Release|Any CPU.ActiveCfg = Debug|Any CPU
		{DE40756E-57F6-4AF2-B155-55E3A88CCED8}.silverlight_Release|Any CPU.Build.0 = Debug|Any CPU
		{DE40756E-57F6-4AF2-B155-55E3A88CCED8}.winphone_Debug|Any CPU.ActiveCfg = Debug|Any CPU
		{DE40756E-57F6-4AF2-B155-55E3A88CCED8}.winphone_Debug|Any CPU.Build.0 = Debug|Any CPU
		{DE40756E-57F6-4AF2-B155-55E3A88CCED8}.winphone_Release|Any CPU.ActiveCfg = Debug|Any CPU
		{DE40756E-57F6-4AF2-B155-55E3A88CCED8}.winphone_Release|Any CPU.Build.0 = Debug|Any CPU
	EndGlobalSection
	GlobalSection(NestedProjects) = preSolution
		{0349A5CF-1F90-4055-A3B2-BDAA347AED71} = {66CF303B-09F8-4123-B869-0608D54B1970}
		{19C3E201-4625-48B7-8E89-4ED9BA3BBD52} = {66CF303B-09F8-4123-B869-0608D54B1970}
	EndGlobalSection
	GlobalSection(MonoDevelopProperties) = preSolution
		StartupItem = Mono.Debugger.Soft\Mono.Debugger.Soft.csproj
	EndGlobalSection
EndGlobal
