
Microsoft Visual Studio Solution File, Format Version 11.00
# Visual Studio 2010
Project("{FAE04EC0-301F-11D3-BF4B-00C04F79EFBC}") = "Mono.Debugger.Soft", "Mono.Debugger.Soft\Mono.Debugger.Soft.csproj", "{372E8E3E-29D5-4B4D-88A2-4711CD628C4E}"
EndProject
Project("{FAE04EC0-301F-11D3-BF4B-00C04F79EFBC}") = "Mono.Debugging", "Mono.Debugging\Mono.Debugging.csproj", "{90C99ADB-7D4B-4EB4-98C2-40BD1B14C7D2}"
EndProject
Project("{FAE04EC0-301F-11D3-BF4B-00C04F79EFBC}") = "Mono.Debugging.Soft", "Mono.Debugging.Soft\Mono.Debugging.Soft.csproj", "{DE40756E-57F6-4AF2-B155-55E3A88CCED8}"
EndProject
Project("{2150E333-8FDC-42A3-9474-1A3956D46DE8}") = "Unit Tests", "Unit Tests", "{66CF303B-09F8-4123-B869-0608D54B1970}"
EndProject
Project("{9344BDBB-3E7F-41FC-A0DD-8665D75EE146}") = "ICSharpCode.NRefactory", "..\nrefactory\ICSharpCode.NRefactory\ICSharpCode.NRefactory.csproj", "{BBD155A5-D436-4574-8DD0-C50081AB8636}"
EndProject
Project("{9344BDBB-3E7F-41FC-A0DD-8665D75EE146}") = "ICSharpCode.NRefactory.CSharp", "..\nrefactory\ICSharpCode.NRefactory.CSharp\ICSharpCode.NRefactory.CSharp.csproj", "{F381D8BC-6666-4F81-B0CA-803E4DDBE5A1}"
EndProject
Project("{9344BDBB-3E7F-41FC-A0DD-8665D75EE146}") = "UnitTests", "UnitTests\UnitTests\UnitTests.csproj", "{B80CEED3-B1C2-41F3-B35B-1B7B1F3205B5}"
EndProject
Project("{9344BDBB-3E7F-41FC-A0DD-8665D75EE146}") = "UnitTests.TestApp", "UnitTests\UnitTests\UnitTests.TestApp\UnitTests.TestApp.csproj", "{2692A4EB-14D9-461D-A5A5-0F7C2CF68147}"
EndProject
Global
	GlobalSection(SolutionConfigurationPlatforms) = preSolution
		Debug|Any CPU = Debug|Any CPU
		Release|Any CPU = Release|Any CPU
		net_2_0_Debug|Any CPU = net_2_0_Debug|Any CPU
		net_2_0_Release|Any CPU = net_2_0_Release|Any CPU
		net_3_5_Debug|Any CPU = net_3_5_Debug|Any CPU
		net_3_5_Release|Any CPU = net_3_5_Release|Any CPU
		net_4_0_Debug|Any CPU = net_4_0_Debug|Any CPU
		net_4_0_Release|Any CPU = net_4_0_Release|Any CPU
		silverlight_Debug|Any CPU = silverlight_Debug|Any CPU
		silverlight_Release|Any CPU = silverlight_Release|Any CPU
		winphone_Debug|Any CPU = winphone_Debug|Any CPU
		winphone_Release|Any CPU = winphone_Release|Any CPU
		net_4_5_Debug|Any CPU = net_4_5_Debug|Any CPU
		net_4_5_Release|Any CPU = net_4_5_Release|Any CPU
	EndGlobalSection
	GlobalSection(ProjectConfigurationPlatforms) = postSolution
		{372E8E3E-29D5-4B4D-88A2-4711CD628C4E}.Debug|Any CPU.ActiveCfg = Debug|Any CPU
		{372E8E3E-29D5-4B4D-88A2-4711CD628C4E}.Debug|Any CPU.Build.0 = Debug|Any CPU
		{372E8E3E-29D5-4B4D-88A2-4711CD628C4E}.net_2_0_Debug|Any CPU.ActiveCfg = Debug|Any CPU
		{372E8E3E-29D5-4B4D-88A2-4711CD628C4E}.net_2_0_Debug|Any CPU.Build.0 = Debug|Any CPU
		{372E8E3E-29D5-4B4D-88A2-4711CD628C4E}.net_2_0_Release|Any CPU.ActiveCfg = Debug|Any CPU
		{372E8E3E-29D5-4B4D-88A2-4711CD628C4E}.net_2_0_Release|Any CPU.Build.0 = Debug|Any CPU
		{372E8E3E-29D5-4B4D-88A2-4711CD628C4E}.net_3_5_Debug|Any CPU.ActiveCfg = Debug|Any CPU
		{372E8E3E-29D5-4B4D-88A2-4711CD628C4E}.net_3_5_Debug|Any CPU.Build.0 = Debug|Any CPU
		{372E8E3E-29D5-4B4D-88A2-4711CD628C4E}.net_3_5_Release|Any CPU.ActiveCfg = Debug|Any CPU
		{372E8E3E-29D5-4B4D-88A2-4711CD628C4E}.net_3_5_Release|Any CPU.Build.0 = Debug|Any CPU
		{372E8E3E-29D5-4B4D-88A2-4711CD628C4E}.net_4_0_Debug|Any CPU.ActiveCfg = Debug|Any CPU
		{372E8E3E-29D5-4B4D-88A2-4711CD628C4E}.net_4_0_Debug|Any CPU.Build.0 = Debug|Any CPU
		{372E8E3E-29D5-4B4D-88A2-4711CD628C4E}.net_4_0_Release|Any CPU.ActiveCfg = Debug|Any CPU
		{372E8E3E-29D5-4B4D-88A2-4711CD628C4E}.net_4_0_Release|Any CPU.Build.0 = Debug|Any CPU
		{372E8E3E-29D5-4B4D-88A2-4711CD628C4E}.net_4_5_Debug|Any CPU.ActiveCfg = Debug|Any CPU
		{372E8E3E-29D5-4B4D-88A2-4711CD628C4E}.net_4_5_Debug|Any CPU.Build.0 = Debug|Any CPU
		{372E8E3E-29D5-4B4D-88A2-4711CD628C4E}.net_4_5_Release|Any CPU.ActiveCfg = Debug|Any CPU
		{372E8E3E-29D5-4B4D-88A2-4711CD628C4E}.net_4_5_Release|Any CPU.Build.0 = Debug|Any CPU
		{372E8E3E-29D5-4B4D-88A2-4711CD628C4E}.Release|Any CPU.ActiveCfg = Release|Any CPU
		{372E8E3E-29D5-4B4D-88A2-4711CD628C4E}.Release|Any CPU.Build.0 = Release|Any CPU
		{372E8E3E-29D5-4B4D-88A2-4711CD628C4E}.silverlight_Debug|Any CPU.ActiveCfg = Debug|Any CPU
		{372E8E3E-29D5-4B4D-88A2-4711CD628C4E}.silverlight_Debug|Any CPU.Build.0 = Debug|Any CPU
		{372E8E3E-29D5-4B4D-88A2-4711CD628C4E}.silverlight_Release|Any CPU.ActiveCfg = Debug|Any CPU
		{372E8E3E-29D5-4B4D-88A2-4711CD628C4E}.silverlight_Release|Any CPU.Build.0 = Debug|Any CPU
		{372E8E3E-29D5-4B4D-88A2-4711CD628C4E}.winphone_Debug|Any CPU.ActiveCfg = Debug|Any CPU
		{372E8E3E-29D5-4B4D-88A2-4711CD628C4E}.winphone_Debug|Any CPU.Build.0 = Debug|Any CPU
		{372E8E3E-29D5-4B4D-88A2-4711CD628C4E}.winphone_Release|Any CPU.ActiveCfg = Debug|Any CPU
		{372E8E3E-29D5-4B4D-88A2-4711CD628C4E}.winphone_Release|Any CPU.Build.0 = Debug|Any CPU
		{90C99ADB-7D4B-4EB4-98C2-40BD1B14C7D2}.Debug|Any CPU.ActiveCfg = Debug|Any CPU
		{90C99ADB-7D4B-4EB4-98C2-40BD1B14C7D2}.Debug|Any CPU.Build.0 = Debug|Any CPU
		{90C99ADB-7D4B-4EB4-98C2-40BD1B14C7D2}.net_2_0_Debug|Any CPU.ActiveCfg = Debug|Any CPU
		{90C99ADB-7D4B-4EB4-98C2-40BD1B14C7D2}.net_2_0_Debug|Any CPU.Build.0 = Debug|Any CPU
		{90C99ADB-7D4B-4EB4-98C2-40BD1B14C7D2}.net_2_0_Release|Any CPU.ActiveCfg = Debug|Any CPU
		{90C99ADB-7D4B-4EB4-98C2-40BD1B14C7D2}.net_2_0_Release|Any CPU.Build.0 = Debug|Any CPU
		{90C99ADB-7D4B-4EB4-98C2-40BD1B14C7D2}.net_3_5_Debug|Any CPU.ActiveCfg = Debug|Any CPU
		{90C99ADB-7D4B-4EB4-98C2-40BD1B14C7D2}.net_3_5_Debug|Any CPU.Build.0 = Debug|Any CPU
		{90C99ADB-7D4B-4EB4-98C2-40BD1B14C7D2}.net_3_5_Release|Any CPU.ActiveCfg = Debug|Any CPU
		{90C99ADB-7D4B-4EB4-98C2-40BD1B14C7D2}.net_3_5_Release|Any CPU.Build.0 = Debug|Any CPU
		{90C99ADB-7D4B-4EB4-98C2-40BD1B14C7D2}.net_4_0_Debug|Any CPU.ActiveCfg = Debug|Any CPU
		{90C99ADB-7D4B-4EB4-98C2-40BD1B14C7D2}.net_4_0_Debug|Any CPU.Build.0 = Debug|Any CPU
		{90C99ADB-7D4B-4EB4-98C2-40BD1B14C7D2}.net_4_0_Release|Any CPU.ActiveCfg = Debug|Any CPU
		{90C99ADB-7D4B-4EB4-98C2-40BD1B14C7D2}.net_4_0_Release|Any CPU.Build.0 = Debug|Any CPU
		{90C99ADB-7D4B-4EB4-98C2-40BD1B14C7D2}.net_4_5_Debug|Any CPU.ActiveCfg = Debug|Any CPU
		{90C99ADB-7D4B-4EB4-98C2-40BD1B14C7D2}.net_4_5_Debug|Any CPU.Build.0 = Debug|Any CPU
		{90C99ADB-7D4B-4EB4-98C2-40BD1B14C7D2}.net_4_5_Release|Any CPU.ActiveCfg = Debug|Any CPU
		{90C99ADB-7D4B-4EB4-98C2-40BD1B14C7D2}.net_4_5_Release|Any CPU.Build.0 = Debug|Any CPU
		{90C99ADB-7D4B-4EB4-98C2-40BD1B14C7D2}.Release|Any CPU.ActiveCfg = Release|Any CPU
		{90C99ADB-7D4B-4EB4-98C2-40BD1B14C7D2}.Release|Any CPU.Build.0 = Release|Any CPU
		{90C99ADB-7D4B-4EB4-98C2-40BD1B14C7D2}.silverlight_Debug|Any CPU.ActiveCfg = Debug|Any CPU
		{90C99ADB-7D4B-4EB4-98C2-40BD1B14C7D2}.silverlight_Debug|Any CPU.Build.0 = Debug|Any CPU
		{90C99ADB-7D4B-4EB4-98C2-40BD1B14C7D2}.silverlight_Release|Any CPU.ActiveCfg = Debug|Any CPU
		{90C99ADB-7D4B-4EB4-98C2-40BD1B14C7D2}.silverlight_Release|Any CPU.Build.0 = Debug|Any CPU
		{90C99ADB-7D4B-4EB4-98C2-40BD1B14C7D2}.winphone_Debug|Any CPU.ActiveCfg = Debug|Any CPU
		{90C99ADB-7D4B-4EB4-98C2-40BD1B14C7D2}.winphone_Debug|Any CPU.Build.0 = Debug|Any CPU
		{90C99ADB-7D4B-4EB4-98C2-40BD1B14C7D2}.winphone_Release|Any CPU.ActiveCfg = Debug|Any CPU
		{90C99ADB-7D4B-4EB4-98C2-40BD1B14C7D2}.winphone_Release|Any CPU.Build.0 = Debug|Any CPU
		{DE40756E-57F6-4AF2-B155-55E3A88CCED8}.Debug|Any CPU.ActiveCfg = Debug|Any CPU
		{DE40756E-57F6-4AF2-B155-55E3A88CCED8}.Debug|Any CPU.Build.0 = Debug|Any CPU
		{DE40756E-57F6-4AF2-B155-55E3A88CCED8}.net_2_0_Debug|Any CPU.ActiveCfg = Debug|Any CPU
		{DE40756E-57F6-4AF2-B155-55E3A88CCED8}.net_2_0_Debug|Any CPU.Build.0 = Debug|Any CPU
		{DE40756E-57F6-4AF2-B155-55E3A88CCED8}.net_2_0_Release|Any CPU.ActiveCfg = Debug|Any CPU
		{DE40756E-57F6-4AF2-B155-55E3A88CCED8}.net_2_0_Release|Any CPU.Build.0 = Debug|Any CPU
		{DE40756E-57F6-4AF2-B155-55E3A88CCED8}.net_3_5_Debug|Any CPU.ActiveCfg = Debug|Any CPU
		{DE40756E-57F6-4AF2-B155-55E3A88CCED8}.net_3_5_Debug|Any CPU.Build.0 = Debug|Any CPU
		{DE40756E-57F6-4AF2-B155-55E3A88CCED8}.net_3_5_Release|Any CPU.ActiveCfg = Debug|Any CPU
		{DE40756E-57F6-4AF2-B155-55E3A88CCED8}.net_3_5_Release|Any CPU.Build.0 = Debug|Any CPU
		{DE40756E-57F6-4AF2-B155-55E3A88CCED8}.net_4_0_Debug|Any CPU.ActiveCfg = Debug|Any CPU
		{DE40756E-57F6-4AF2-B155-55E3A88CCED8}.net_4_0_Debug|Any CPU.Build.0 = Debug|Any CPU
		{DE40756E-57F6-4AF2-B155-55E3A88CCED8}.net_4_0_Release|Any CPU.ActiveCfg = Debug|Any CPU
		{DE40756E-57F6-4AF2-B155-55E3A88CCED8}.net_4_0_Release|Any CPU.Build.0 = Debug|Any CPU
		{DE40756E-57F6-4AF2-B155-55E3A88CCED8}.net_4_5_Debug|Any CPU.ActiveCfg = Debug|Any CPU
		{DE40756E-57F6-4AF2-B155-55E3A88CCED8}.net_4_5_Debug|Any CPU.Build.0 = Debug|Any CPU
		{DE40756E-57F6-4AF2-B155-55E3A88CCED8}.net_4_5_Release|Any CPU.ActiveCfg = Debug|Any CPU
		{DE40756E-57F6-4AF2-B155-55E3A88CCED8}.net_4_5_Release|Any CPU.Build.0 = Debug|Any CPU
		{DE40756E-57F6-4AF2-B155-55E3A88CCED8}.Release|Any CPU.ActiveCfg = Release|Any CPU
		{DE40756E-57F6-4AF2-B155-55E3A88CCED8}.Release|Any CPU.Build.0 = Release|Any CPU
		{DE40756E-57F6-4AF2-B155-55E3A88CCED8}.silverlight_Debug|Any CPU.ActiveCfg = Debug|Any CPU
		{DE40756E-57F6-4AF2-B155-55E3A88CCED8}.silverlight_Debug|Any CPU.Build.0 = Debug|Any CPU
		{DE40756E-57F6-4AF2-B155-55E3A88CCED8}.silverlight_Release|Any CPU.ActiveCfg = Debug|Any CPU
		{DE40756E-57F6-4AF2-B155-55E3A88CCED8}.silverlight_Release|Any CPU.Build.0 = Debug|Any CPU
		{DE40756E-57F6-4AF2-B155-55E3A88CCED8}.winphone_Debug|Any CPU.ActiveCfg = Debug|Any CPU
		{DE40756E-57F6-4AF2-B155-55E3A88CCED8}.winphone_Debug|Any CPU.Build.0 = Debug|Any CPU
		{DE40756E-57F6-4AF2-B155-55E3A88CCED8}.winphone_Release|Any CPU.ActiveCfg = Debug|Any CPU
		{DE40756E-57F6-4AF2-B155-55E3A88CCED8}.winphone_Release|Any CPU.Build.0 = Debug|Any CPU
		{BBD155A5-D436-4574-8DD0-C50081AB8636}.Debug|Any CPU.ActiveCfg = Debug|Any CPU
		{BBD155A5-D436-4574-8DD0-C50081AB8636}.Debug|Any CPU.Build.0 = Debug|Any CPU
		{BBD155A5-D436-4574-8DD0-C50081AB8636}.Release|Any CPU.ActiveCfg = Release|Any CPU
		{BBD155A5-D436-4574-8DD0-C50081AB8636}.Release|Any CPU.Build.0 = Release|Any CPU
		{BBD155A5-D436-4574-8DD0-C50081AB8636}.net_2_0_Debug|Any CPU.ActiveCfg = Debug|Any CPU
		{BBD155A5-D436-4574-8DD0-C50081AB8636}.net_2_0_Debug|Any CPU.Build.0 = Debug|Any CPU
		{BBD155A5-D436-4574-8DD0-C50081AB8636}.net_2_0_Release|Any CPU.ActiveCfg = Debug|Any CPU
		{BBD155A5-D436-4574-8DD0-C50081AB8636}.net_2_0_Release|Any CPU.Build.0 = Debug|Any CPU
		{BBD155A5-D436-4574-8DD0-C50081AB8636}.net_3_5_Debug|Any CPU.ActiveCfg = Debug|Any CPU
		{BBD155A5-D436-4574-8DD0-C50081AB8636}.net_3_5_Debug|Any CPU.Build.0 = Debug|Any CPU
		{BBD155A5-D436-4574-8DD0-C50081AB8636}.net_3_5_Release|Any CPU.ActiveCfg = Debug|Any CPU
		{BBD155A5-D436-4574-8DD0-C50081AB8636}.net_3_5_Release|Any CPU.Build.0 = Debug|Any CPU
		{BBD155A5-D436-4574-8DD0-C50081AB8636}.net_4_0_Debug|Any CPU.ActiveCfg = Debug|Any CPU
		{BBD155A5-D436-4574-8DD0-C50081AB8636}.net_4_0_Debug|Any CPU.Build.0 = Debug|Any CPU
		{BBD155A5-D436-4574-8DD0-C50081AB8636}.net_4_0_Release|Any CPU.ActiveCfg = Debug|Any CPU
		{BBD155A5-D436-4574-8DD0-C50081AB8636}.net_4_0_Release|Any CPU.Build.0 = Debug|Any CPU
		{BBD155A5-D436-4574-8DD0-C50081AB8636}.silverlight_Debug|Any CPU.ActiveCfg = Debug|Any CPU
		{BBD155A5-D436-4574-8DD0-C50081AB8636}.silverlight_Debug|Any CPU.Build.0 = Debug|Any CPU
		{BBD155A5-D436-4574-8DD0-C50081AB8636}.silverlight_Release|Any CPU.ActiveCfg = Debug|Any CPU
		{BBD155A5-D436-4574-8DD0-C50081AB8636}.silverlight_Release|Any CPU.Build.0 = Debug|Any CPU
		{BBD155A5-D436-4574-8DD0-C50081AB8636}.winphone_Debug|Any CPU.ActiveCfg = Debug|Any CPU
		{BBD155A5-D436-4574-8DD0-C50081AB8636}.winphone_Debug|Any CPU.Build.0 = Debug|Any CPU
		{BBD155A5-D436-4574-8DD0-C50081AB8636}.winphone_Release|Any CPU.ActiveCfg = Debug|Any CPU
		{BBD155A5-D436-4574-8DD0-C50081AB8636}.winphone_Release|Any CPU.Build.0 = Debug|Any CPU
		{BBD155A5-D436-4574-8DD0-C50081AB8636}.net_4_5_Debug|Any CPU.ActiveCfg = net_4_5_Debug|Any CPU
		{BBD155A5-D436-4574-8DD0-C50081AB8636}.net_4_5_Debug|Any CPU.Build.0 = net_4_5_Debug|Any CPU
		{BBD155A5-D436-4574-8DD0-C50081AB8636}.net_4_5_Release|Any CPU.ActiveCfg = net_4_5_Release|Any CPU
		{BBD155A5-D436-4574-8DD0-C50081AB8636}.net_4_5_Release|Any CPU.Build.0 = net_4_5_Release|Any CPU
		{F381D8BC-6666-4F81-B0CA-803E4DDBE5A1}.Debug|Any CPU.ActiveCfg = Debug|Any CPU
		{F381D8BC-6666-4F81-B0CA-803E4DDBE5A1}.Debug|Any CPU.Build.0 = Debug|Any CPU
		{F381D8BC-6666-4F81-B0CA-803E4DDBE5A1}.Release|Any CPU.ActiveCfg = Release|Any CPU
		{F381D8BC-6666-4F81-B0CA-803E4DDBE5A1}.Release|Any CPU.Build.0 = Release|Any CPU
		{F381D8BC-6666-4F81-B0CA-803E4DDBE5A1}.net_2_0_Debug|Any CPU.ActiveCfg = Debug|Any CPU
		{F381D8BC-6666-4F81-B0CA-803E4DDBE5A1}.net_2_0_Debug|Any CPU.Build.0 = Debug|Any CPU
		{F381D8BC-6666-4F81-B0CA-803E4DDBE5A1}.net_2_0_Release|Any CPU.ActiveCfg = Debug|Any CPU
		{F381D8BC-6666-4F81-B0CA-803E4DDBE5A1}.net_2_0_Release|Any CPU.Build.0 = Debug|Any CPU
		{F381D8BC-6666-4F81-B0CA-803E4DDBE5A1}.net_3_5_Debug|Any CPU.ActiveCfg = Debug|Any CPU
		{F381D8BC-6666-4F81-B0CA-803E4DDBE5A1}.net_3_5_Debug|Any CPU.Build.0 = Debug|Any CPU
		{F381D8BC-6666-4F81-B0CA-803E4DDBE5A1}.net_3_5_Release|Any CPU.ActiveCfg = Debug|Any CPU
		{F381D8BC-6666-4F81-B0CA-803E4DDBE5A1}.net_3_5_Release|Any CPU.Build.0 = Debug|Any CPU
		{F381D8BC-6666-4F81-B0CA-803E4DDBE5A1}.net_4_0_Debug|Any CPU.ActiveCfg = Debug|Any CPU
		{F381D8BC-6666-4F81-B0CA-803E4DDBE5A1}.net_4_0_Debug|Any CPU.Build.0 = Debug|Any CPU
		{F381D8BC-6666-4F81-B0CA-803E4DDBE5A1}.net_4_0_Release|Any CPU.ActiveCfg = Debug|Any CPU
		{F381D8BC-6666-4F81-B0CA-803E4DDBE5A1}.net_4_0_Release|Any CPU.Build.0 = Debug|Any CPU
		{F381D8BC-6666-4F81-B0CA-803E4DDBE5A1}.silverlight_Debug|Any CPU.ActiveCfg = Debug|Any CPU
		{F381D8BC-6666-4F81-B0CA-803E4DDBE5A1}.silverlight_Debug|Any CPU.Build.0 = Debug|Any CPU
		{F381D8BC-6666-4F81-B0CA-803E4DDBE5A1}.silverlight_Release|Any CPU.ActiveCfg = Debug|Any CPU
		{F381D8BC-6666-4F81-B0CA-803E4DDBE5A1}.silverlight_Release|Any CPU.Build.0 = Debug|Any CPU
		{F381D8BC-6666-4F81-B0CA-803E4DDBE5A1}.winphone_Debug|Any CPU.ActiveCfg = Debug|Any CPU
		{F381D8BC-6666-4F81-B0CA-803E4DDBE5A1}.winphone_Debug|Any CPU.Build.0 = Debug|Any CPU
		{F381D8BC-6666-4F81-B0CA-803E4DDBE5A1}.winphone_Release|Any CPU.ActiveCfg = Debug|Any CPU
		{F381D8BC-6666-4F81-B0CA-803E4DDBE5A1}.winphone_Release|Any CPU.Build.0 = Debug|Any CPU
		{F381D8BC-6666-4F81-B0CA-803E4DDBE5A1}.net_4_5_Debug|Any CPU.ActiveCfg = net_4_5_Debug|Any CPU
		{F381D8BC-6666-4F81-B0CA-803E4DDBE5A1}.net_4_5_Debug|Any CPU.Build.0 = net_4_5_Debug|Any CPU
		{F381D8BC-6666-4F81-B0CA-803E4DDBE5A1}.net_4_5_Release|Any CPU.ActiveCfg = net_4_5_Release|Any CPU
		{F381D8BC-6666-4F81-B0CA-803E4DDBE5A1}.net_4_5_Release|Any CPU.Build.0 = net_4_5_Release|Any CPU
		{B80CEED3-B1C2-41F3-B35B-1B7B1F3205B5}.Debug|Any CPU.ActiveCfg = Debug|Any CPU
		{B80CEED3-B1C2-41F3-B35B-1B7B1F3205B5}.Debug|Any CPU.Build.0 = Debug|Any CPU
		{B80CEED3-B1C2-41F3-B35B-1B7B1F3205B5}.Release|Any CPU.ActiveCfg = Release|Any CPU
		{B80CEED3-B1C2-41F3-B35B-1B7B1F3205B5}.Release|Any CPU.Build.0 = Release|Any CPU
		{B80CEED3-B1C2-41F3-B35B-1B7B1F3205B5}.net_2_0_Debug|Any CPU.ActiveCfg = Debug|Any CPU
		{B80CEED3-B1C2-41F3-B35B-1B7B1F3205B5}.net_2_0_Debug|Any CPU.Build.0 = Debug|Any CPU
		{B80CEED3-B1C2-41F3-B35B-1B7B1F3205B5}.net_2_0_Release|Any CPU.ActiveCfg = Debug|Any CPU
		{B80CEED3-B1C2-41F3-B35B-1B7B1F3205B5}.net_2_0_Release|Any CPU.Build.0 = Debug|Any CPU
		{B80CEED3-B1C2-41F3-B35B-1B7B1F3205B5}.net_3_5_Debug|Any CPU.ActiveCfg = Debug|Any CPU
		{B80CEED3-B1C2-41F3-B35B-1B7B1F3205B5}.net_3_5_Debug|Any CPU.Build.0 = Debug|Any CPU
		{B80CEED3-B1C2-41F3-B35B-1B7B1F3205B5}.net_3_5_Release|Any CPU.ActiveCfg = Debug|Any CPU
		{B80CEED3-B1C2-41F3-B35B-1B7B1F3205B5}.net_3_5_Release|Any CPU.Build.0 = Debug|Any CPU
		{B80CEED3-B1C2-41F3-B35B-1B7B1F3205B5}.net_4_0_Debug|Any CPU.ActiveCfg = Debug|Any CPU
		{B80CEED3-B1C2-41F3-B35B-1B7B1F3205B5}.net_4_0_Debug|Any CPU.Build.0 = Debug|Any CPU
		{B80CEED3-B1C2-41F3-B35B-1B7B1F3205B5}.net_4_0_Release|Any CPU.ActiveCfg = Debug|Any CPU
		{B80CEED3-B1C2-41F3-B35B-1B7B1F3205B5}.net_4_0_Release|Any CPU.Build.0 = Debug|Any CPU
		{B80CEED3-B1C2-41F3-B35B-1B7B1F3205B5}.silverlight_Debug|Any CPU.ActiveCfg = Debug|Any CPU
		{B80CEED3-B1C2-41F3-B35B-1B7B1F3205B5}.silverlight_Debug|Any CPU.Build.0 = Debug|Any CPU
		{B80CEED3-B1C2-41F3-B35B-1B7B1F3205B5}.silverlight_Release|Any CPU.ActiveCfg = Debug|Any CPU
		{B80CEED3-B1C2-41F3-B35B-1B7B1F3205B5}.silverlight_Release|Any CPU.Build.0 = Debug|Any CPU
		{B80CEED3-B1C2-41F3-B35B-1B7B1F3205B5}.winphone_Debug|Any CPU.ActiveCfg = Debug|Any CPU
		{B80CEED3-B1C2-41F3-B35B-1B7B1F3205B5}.winphone_Debug|Any CPU.Build.0 = Debug|Any CPU
		{B80CEED3-B1C2-41F3-B35B-1B7B1F3205B5}.winphone_Release|Any CPU.ActiveCfg = Debug|Any CPU
		{B80CEED3-B1C2-41F3-B35B-1B7B1F3205B5}.winphone_Release|Any CPU.Build.0 = Debug|Any CPU
		{B80CEED3-B1C2-41F3-B35B-1B7B1F3205B5}.net_4_5_Debug|Any CPU.ActiveCfg = Debug|Any CPU
		{B80CEED3-B1C2-41F3-B35B-1B7B1F3205B5}.net_4_5_Debug|Any CPU.Build.0 = Debug|Any CPU
		{B80CEED3-B1C2-41F3-B35B-1B7B1F3205B5}.net_4_5_Release|Any CPU.ActiveCfg = Debug|Any CPU
		{B80CEED3-B1C2-41F3-B35B-1B7B1F3205B5}.net_4_5_Release|Any CPU.Build.0 = Debug|Any CPU
		{2692A4EB-14D9-461D-A5A5-0F7C2CF68147}.Debug|Any CPU.ActiveCfg = Debug|Any CPU
		{2692A4EB-14D9-461D-A5A5-0F7C2CF68147}.Debug|Any CPU.Build.0 = Debug|Any CPU
		{2692A4EB-14D9-461D-A5A5-0F7C2CF68147}.Release|Any CPU.ActiveCfg = Release|Any CPU
		{2692A4EB-14D9-461D-A5A5-0F7C2CF68147}.Release|Any CPU.Build.0 = Release|Any CPU
		{2692A4EB-14D9-461D-A5A5-0F7C2CF68147}.net_2_0_Debug|Any CPU.ActiveCfg = Debug|Any CPU
		{2692A4EB-14D9-461D-A5A5-0F7C2CF68147}.net_2_0_Debug|Any CPU.Build.0 = Debug|Any CPU
		{2692A4EB-14D9-461D-A5A5-0F7C2CF68147}.net_2_0_Release|Any CPU.ActiveCfg = Debug|Any CPU
		{2692A4EB-14D9-461D-A5A5-0F7C2CF68147}.net_2_0_Release|Any CPU.Build.0 = Debug|Any CPU
		{2692A4EB-14D9-461D-A5A5-0F7C2CF68147}.net_3_5_Debug|Any CPU.ActiveCfg = Debug|Any CPU
		{2692A4EB-14D9-461D-A5A5-0F7C2CF68147}.net_3_5_Debug|Any CPU.Build.0 = Debug|Any CPU
		{2692A4EB-14D9-461D-A5A5-0F7C2CF68147}.net_3_5_Release|Any CPU.ActiveCfg = Debug|Any CPU
		{2692A4EB-14D9-461D-A5A5-0F7C2CF68147}.net_3_5_Release|Any CPU.Build.0 = Debug|Any CPU
		{2692A4EB-14D9-461D-A5A5-0F7C2CF68147}.net_4_0_Debug|Any CPU.ActiveCfg = Debug|Any CPU
		{2692A4EB-14D9-461D-A5A5-0F7C2CF68147}.net_4_0_Debug|Any CPU.Build.0 = Debug|Any CPU
		{2692A4EB-14D9-461D-A5A5-0F7C2CF68147}.net_4_0_Release|Any CPU.ActiveCfg = Debug|Any CPU
		{2692A4EB-14D9-461D-A5A5-0F7C2CF68147}.net_4_0_Release|Any CPU.Build.0 = Debug|Any CPU
		{2692A4EB-14D9-461D-A5A5-0F7C2CF68147}.silverlight_Debug|Any CPU.ActiveCfg = Debug|Any CPU
		{2692A4EB-14D9-461D-A5A5-0F7C2CF68147}.silverlight_Debug|Any CPU.Build.0 = Debug|Any CPU
		{2692A4EB-14D9-461D-A5A5-0F7C2CF68147}.silverlight_Release|Any CPU.ActiveCfg = Debug|Any CPU
		{2692A4EB-14D9-461D-A5A5-0F7C2CF68147}.silverlight_Release|Any CPU.Build.0 = Debug|Any CPU
		{2692A4EB-14D9-461D-A5A5-0F7C2CF68147}.winphone_Debug|Any CPU.ActiveCfg = Debug|Any CPU
		{2692A4EB-14D9-461D-A5A5-0F7C2CF68147}.winphone_Debug|Any CPU.Build.0 = Debug|Any CPU
		{2692A4EB-14D9-461D-A5A5-0F7C2CF68147}.winphone_Release|Any CPU.ActiveCfg = Debug|Any CPU
		{2692A4EB-14D9-461D-A5A5-0F7C2CF68147}.winphone_Release|Any CPU.Build.0 = Debug|Any CPU
		{2692A4EB-14D9-461D-A5A5-0F7C2CF68147}.net_4_5_Debug|Any CPU.ActiveCfg = Debug|Any CPU
		{2692A4EB-14D9-461D-A5A5-0F7C2CF68147}.net_4_5_Debug|Any CPU.Build.0 = Debug|Any CPU
		{2692A4EB-14D9-461D-A5A5-0F7C2CF68147}.net_4_5_Release|Any CPU.ActiveCfg = Debug|Any CPU
		{2692A4EB-14D9-461D-A5A5-0F7C2CF68147}.net_4_5_Release|Any CPU.Build.0 = Debug|Any CPU
	EndGlobalSection
	GlobalSection(NestedProjects) = preSolution
		{B80CEED3-B1C2-41F3-B35B-1B7B1F3205B5} = {66CF303B-09F8-4123-B869-0608D54B1970}
		{2692A4EB-14D9-461D-A5A5-0F7C2CF68147} = {66CF303B-09F8-4123-B869-0608D54B1970}
	EndGlobalSection
	GlobalSection(MonoDevelopProperties) = preSolution
		StartupItem = Mono.Debugger.Soft\Mono.Debugger.Soft.csproj
	EndGlobalSection
EndGlobal
